
Microsoft Visual Studio Solution File, Format Version 12.00
# Visual Studio 15
VisualStudioVersion = 15.0.28307.136
MinimumVisualStudioVersion = 10.0.40219.1
Project("{FAE04EC0-301F-11D3-BF4B-00C04F79EFBC}") = "BlankApp2", "BlankApp2\BlankApp2.csproj", "{763ACFA5-9E6B-453D-B76A-2DF7B13B00C6}"
EndProject
Project("{FAE04EC0-301F-11D3-BF4B-00C04F79EFBC}") = "TreeSource", "TreeSource\TreeSource.csproj", "{8BEC211F-686F-44F8-B449-68970D553996}"
EndProject
Project("{FAE04EC0-301F-11D3-BF4B-00C04F79EFBC}") = "ResultContent", "ResultContent\ResultContent.csproj", "{04372B1C-9667-46AC-BDE2-EFEC9E9A9A18}"
EndProject
Global
	GlobalSection(SolutionConfigurationPlatforms) = preSolution
		Debug|Any CPU = Debug|Any CPU
		Release|Any CPU = Release|Any CPU
	EndGlobalSection
	GlobalSection(ProjectConfigurationPlatforms) = postSolution
		{763ACFA5-9E6B-453D-B76A-2DF7B13B00C6}.Debug|Any CPU.ActiveCfg = Debug|Any CPU
		{763ACFA5-9E6B-453D-B76A-2DF7B13B00C6}.Debug|Any CPU.Build.0 = Debug|Any CPU
		{763ACFA5-9E6B-453D-B76A-2DF7B13B00C6}.Release|Any CPU.ActiveCfg = Release|Any CPU
		{763ACFA5-9E6B-453D-B76A-2DF7B13B00C6}.Release|Any CPU.Build.0 = Release|Any CPU
		{8BEC211F-686F-44F8-B449-68970D553996}.Debug|Any CPU.ActiveCfg = Debug|Any CPU
		{8BEC211F-686F-44F8-B449-68970D553996}.Debug|Any CPU.Build.0 = Debug|Any CPU
		{8BEC211F-686F-44F8-B449-68970D553996}.Release|Any CPU.ActiveCfg = Release|Any CPU
		{8BEC211F-686F-44F8-B449-68970D553996}.Release|Any CPU.Build.0 = Release|Any CPU
		{04372B1C-9667-46AC-BDE2-EFEC9E9A9A18}.Debug|Any CPU.ActiveCfg = Debug|Any CPU
		{04372B1C-9667-46AC-BDE2-EFEC9E9A9A18}.Debug|Any CPU.Build.0 = Debug|Any CPU
		{04372B1C-9667-46AC-BDE2-EFEC9E9A9A18}.Release|Any CPU.ActiveCfg = Release|Any CPU
		{04372B1C-9667-46AC-BDE2-EFEC9E9A9A18}.Release|Any CPU.Build.0 = Release|Any CPU
	EndGlobalSection
	GlobalSection(SolutionProperties) = preSolution
		HideSolutionNode = FALSE
	EndGlobalSection
	GlobalSection(ExtensibilityGlobals) = postSolution
		SolutionGuid = {F807756B-D880-48B4-8F51-5629D52A5376}
	EndGlobalSection
EndGlobal
